// !$*UTF8*$!
{
	archiveVersion = 1;
	classes = {
	};
	objectVersion = 46;
	objects = {

/* Begin PBXBuildFile section */
		D29A1AFD1CCE3CFC0058A9B2 /* AppDelegate.swift in Sources */ = {isa = PBXBuildFile; fileRef = D29A1AFC1CCE3CFC0058A9B2 /* AppDelegate.swift */; };
		D29A1AFF1CCE3CFC0058A9B2 /* ViewController.swift in Sources */ = {isa = PBXBuildFile; fileRef = D29A1AFE1CCE3CFC0058A9B2 /* ViewController.swift */; };
		D29A1B021CCE3CFC0058A9B2 /* Main.storyboard in Resources */ = {isa = PBXBuildFile; fileRef = D29A1B001CCE3CFC0058A9B2 /* Main.storyboard */; };
		D29A1B041CCE3CFC0058A9B2 /* Assets.xcassets in Resources */ = {isa = PBXBuildFile; fileRef = D29A1B031CCE3CFC0058A9B2 /* Assets.xcassets */; };
		D29A1B071CCE3CFC0058A9B2 /* LaunchScreen.storyboard in Resources */ = {isa = PBXBuildFile; fileRef = D29A1B051CCE3CFC0058A9B2 /* LaunchScreen.storyboard */; };
		D29A1B121CCE3CFC0058A9B2 /* tttttTests.swift in Sources */ = {isa = PBXBuildFile; fileRef = D29A1B111CCE3CFC0058A9B2 /* tttttTests.swift */; };
		D29A1B1D1CCE3CFC0058A9B2 /* tttttUITests.swift in Sources */ = {isa = PBXBuildFile; fileRef = D29A1B1C1CCE3CFC0058A9B2 /* tttttUITests.swift */; };
/* End PBXBuildFile section */

/* Begin PBXContainerItemProxy section */
		D29A1B0E1CCE3CFC0058A9B2 /* PBXContainerItemProxy */ = {
			isa = PBXContainerItemProxy;
			containerPortal = D29A1AF11CCE3CFC0058A9B2 /* Project object */;
			proxyType = 1;
			remoteGlobalIDString = D29A1AF81CCE3CFC0058A9B2;
			remoteInfo = ttttt;
		};
		D29A1B191CCE3CFC0058A9B2 /* PBXContainerItemProxy */ = {
			isa = PBXContainerItemProxy;
			containerPortal = D29A1AF11CCE3CFC0058A9B2 /* Project object */;
			proxyType = 1;
			remoteGlobalIDString = D29A1AF81CCE3CFC0058A9B2;
			remoteInfo = ttttt;
		};
/* End PBXContainerItemProxy section */

/* Begin PBXFileReference section */
		D29A1AF91CCE3CFC0058A9B2 /* ttttt.app */ = {isa = PBXFileReference; explicitFileType = wrapper.application; includeInIndex = 0; path = ttttt.app; sourceTree = BUILT_PRODUCTS_DIR; };
		D29A1AFC1CCE3CFC0058A9B2 /* AppDelegate.swift */ = {isa = PBXFileReference; lastKnownFileType = sourcecode.swift; path = AppDelegate.swift; sourceTree = "<group>"; };
		D29A1AFE1CCE3CFC0058A9B2 /* ViewController.swift */ = {isa = PBXFileReference; lastKnownFileType = sourcecode.swift; path = ViewController.swift; sourceTree = "<group>"; };
		D29A1B011CCE3CFC0058A9B2 /* Base */ = {isa = PBXFileReference; lastKnownFileType = file.storyboard; name = Base; path = Base.lproj/Main.storyboard; sourceTree = "<group>"; };
		D29A1B031CCE3CFC0058A9B2 /* Assets.xcassets */ = {isa = PBXFileReference; lastKnownFileType = folder.assetcatalog; path = Assets.xcassets; sourceTree = "<group>"; };
		D29A1B061CCE3CFC0058A9B2 /* Base */ = {isa = PBXFileReference; lastKnownFileType = file.storyboard; name = Base; path = Base.lproj/LaunchScreen.storyboard; sourceTree = "<group>"; };
		D29A1B081CCE3CFC0058A9B2 /* Info.plist */ = {isa = PBXFileReference; lastKnownFileType = text.plist.xml; path = Info.plist; sourceTree = "<group>"; };
		D29A1B0D1CCE3CFC0058A9B2 /* tttttTests.xctest */ = {isa = PBXFileReference; explicitFileType = wrapper.cfbundle; includeInIndex = 0; path = tttttTests.xctest; sourceTree = BUILT_PRODUCTS_DIR; };
		D29A1B111CCE3CFC0058A9B2 /* tttttTests.swift */ = {isa = PBXFileReference; lastKnownFileType = sourcecode.swift; path = tttttTests.swift; sourceTree = "<group>"; };
		D29A1B131CCE3CFC0058A9B2 /* Info.plist */ = {isa = PBXFileReference; lastKnownFileType = text.plist.xml; path = Info.plist; sourceTree = "<group>"; };
		D29A1B181CCE3CFC0058A9B2 /* tttttUITests.xctest */ = {isa = PBXFileReference; explicitFileType = wrapper.cfbundle; includeInIndex = 0; path = tttttUITests.xctest; sourceTree = BUILT_PRODUCTS_DIR; };
		D29A1B1C1CCE3CFC0058A9B2 /* tttttUITests.swift */ = {isa = PBXFileReference; lastKnownFileType = sourcecode.swift; path = tttttUITests.swift; sourceTree = "<group>"; };
		D29A1B1E1CCE3CFC0058A9B2 /* Info.plist */ = {isa = PBXFileReference; lastKnownFileType = text.plist.xml; path = Info.plist; sourceTree = "<group>"; };
/* End PBXFileReference section */

/* Begin PBXFrameworksBuildPhase section */
		D29A1AF61CCE3CFC0058A9B2 /* Frameworks */ = {
			isa = PBXFrameworksBuildPhase;
			buildActionMask = 2147483647;
			files = (
			);
			runOnlyForDeploymentPostprocessing = 0;
		};
		D29A1B0A1CCE3CFC0058A9B2 /* Frameworks */ = {
			isa = PBXFrameworksBuildPhase;
			buildActionMask = 2147483647;
			files = (
			);
			runOnlyForDeploymentPostprocessing = 0;
		};
		D29A1B151CCE3CFC0058A9B2 /* Frameworks */ = {
			isa = PBXFrameworksBuildPhase;
			buildActionMask = 2147483647;
			files = (
			);
			runOnlyForDeploymentPostprocessing = 0;
		};
/* End PBXFrameworksBuildPhase section */

/* Begin PBXGroup section */
		D29A1AF01CCE3CFC0058A9B2 = {
			isa = PBXGroup;
			children = (
				D29A1AFB1CCE3CFC0058A9B2 /* ttttt */,
				D29A1B101CCE3CFC0058A9B2 /* tttttTests */,
				D29A1B1B1CCE3CFC0058A9B2 /* tttttUITests */,
				D29A1AFA1CCE3CFC0058A9B2 /* Products */,
			);
			sourceTree = "<group>";
		};
		D29A1AFA1CCE3CFC0058A9B2 /* Products */ = {
			isa = PBXGroup;
			children = (
				D29A1AF91CCE3CFC0058A9B2 /* ttttt.app */,
				D29A1B0D1CCE3CFC0058A9B2 /* tttttTests.xctest */,
				D29A1B181CCE3CFC0058A9B2 /* tttttUITests.xctest */,
			);
			name = Products;
			sourceTree = "<group>";
		};
		D29A1AFB1CCE3CFC0058A9B2 /* ttttt */ = {
			isa = PBXGroup;
			children = (
				D29A1AFC1CCE3CFC0058A9B2 /* AppDelegate.swift */,
				D29A1AFE1CCE3CFC0058A9B2 /* ViewController.swift */,
				D29A1B001CCE3CFC0058A9B2 /* Main.storyboard */,
				D29A1B031CCE3CFC0058A9B2 /* Assets.xcassets */,
				D29A1B051CCE3CFC0058A9B2 /* LaunchScreen.storyboard */,
				D29A1B081CCE3CFC0058A9B2 /* Info.plist */,
			);
			path = ttttt;
			sourceTree = "<group>";
		};
		D29A1B101CCE3CFC0058A9B2 /* tttttTests */ = {
			isa = PBXGroup;
			children = (
				D29A1B111CCE3CFC0058A9B2 /* tttttTests.swift */,
				D29A1B131CCE3CFC0058A9B2 /* Info.plist */,
			);
			path = tttttTests;
			sourceTree = "<group>";
		};
		D29A1B1B1CCE3CFC0058A9B2 /* tttttUITests */ = {
			isa = PBXGroup;
			children = (
				D29A1B1C1CCE3CFC0058A9B2 /* tttttUITests.swift */,
				D29A1B1E1CCE3CFC0058A9B2 /* Info.plist */,
			);
			path = tttttUITests;
			sourceTree = "<group>";
		};
/* End PBXGroup section */

/* Begin PBXNativeTarget section */
		D29A1AF81CCE3CFC0058A9B2 /* ttttt */ = {
			isa = PBXNativeTarget;
			buildConfigurationList = D29A1B211CCE3CFC0058A9B2 /* Build configuration list for PBXNativeTarget "ttttt" */;
			buildPhases = (
				D29A1AF51CCE3CFC0058A9B2 /* Sources */,
				D29A1AF61CCE3CFC0058A9B2 /* Frameworks */,
				D29A1AF71CCE3CFC0058A9B2 /* Resources */,
			);
			buildRules = (
			);
			dependencies = (
			);
			name = ttttt;
			productName = ttttt;
			productReference = D29A1AF91CCE3CFC0058A9B2 /* ttttt.app */;
			productType = "com.apple.product-type.application";
		};
		D29A1B0C1CCE3CFC0058A9B2 /* tttttTests */ = {
			isa = PBXNativeTarget;
			buildConfigurationList = D29A1B241CCE3CFC0058A9B2 /* Build configuration list for PBXNativeTarget "tttttTests" */;
			buildPhases = (
				D29A1B091CCE3CFC0058A9B2 /* Sources */,
				D29A1B0A1CCE3CFC0058A9B2 /* Frameworks */,
				D29A1B0B1CCE3CFC0058A9B2 /* Resources */,
			);
			buildRules = (
			);
			dependencies = (
				D29A1B0F1CCE3CFC0058A9B2 /* PBXTargetDependency */,
			);
			name = tttttTests;
			productName = tttttTests;
			productReference = D29A1B0D1CCE3CFC0058A9B2 /* tttttTests.xctest */;
			productType = "com.apple.product-type.bundle.unit-test";
		};
		D29A1B171CCE3CFC0058A9B2 /* tttttUITests */ = {
			isa = PBXNativeTarget;
			buildConfigurationList = D29A1B271CCE3CFC0058A9B2 /* Build configuration list for PBXNativeTarget "tttttUITests" */;
			buildPhases = (
				D29A1B141CCE3CFC0058A9B2 /* Sources */,
				D29A1B151CCE3CFC0058A9B2 /* Frameworks */,
				D29A1B161CCE3CFC0058A9B2 /* Resources */,
			);
			buildRules = (
			);
			dependencies = (
				D29A1B1A1CCE3CFC0058A9B2 /* PBXTargetDependency */,
			);
			name = tttttUITests;
			productName = tttttUITests;
			productReference = D29A1B181CCE3CFC0058A9B2 /* tttttUITests.xctest */;
			productType = "com.apple.product-type.bundle.ui-testing";
		};
/* End PBXNativeTarget section */

/* Begin PBXProject section */
		D29A1AF11CCE3CFC0058A9B2 /* Project object */ = {
			isa = PBXProject;
			attributes = {
				LastSwiftUpdateCheck = 0730;
				LastUpgradeCheck = 0730;
				ORGANIZATIONNAME = admin;
				TargetAttributes = {
					D29A1AF81CCE3CFC0058A9B2 = {
						CreatedOnToolsVersion = 7.3;
					};
					D29A1B0C1CCE3CFC0058A9B2 = {
						CreatedOnToolsVersion = 7.3;
						TestTargetID = D29A1AF81CCE3CFC0058A9B2;
					};
					D29A1B171CCE3CFC0058A9B2 = {
						CreatedOnToolsVersion = 7.3;
						TestTargetID = D29A1AF81CCE3CFC0058A9B2;
					};
				};
			};
			buildConfigurationList = D29A1AF41CCE3CFC0058A9B2 /* Build configuration list for PBXProject "ttttt" */;
			compatibilityVersion = "Xcode 3.2";
			developmentRegion = English;
			hasScannedForEncodings = 0;
			knownRegions = (
				en,
				Base,
			);
			mainGroup = D29A1AF01CCE3CFC0058A9B2;
			productRefGroup = D29A1AFA1CCE3CFC0058A9B2 /* Products */;
			projectDirPath = "";
			projectRoot = "";
			targets = (
				D29A1AF81CCE3CFC0058A9B2 /* ttttt */,
				D29A1B0C1CCE3CFC0058A9B2 /* tttttTests */,
				D29A1B171CCE3CFC0058A9B2 /* tttttUITests */,
			);
		};
/* End PBXProject section */

/* Begin PBXResourcesBuildPhase section */
		D29A1AF71CCE3CFC0058A9B2 /* Resources */ = {
			isa = PBXResourcesBuildPhase;
			buildActionMask = 2147483647;
			files = (
				D29A1B071CCE3CFC0058A9B2 /* LaunchScreen.storyboard in Resources */,
				D29A1B041CCE3CFC0058A9B2 /* Assets.xcassets in Resources */,
				D29A1B021CCE3CFC0058A9B2 /* Main.storyboard in Resources */,
			);
			runOnlyForDeploymentPostprocessing = 0;
		};
		D29A1B0B1CCE3CFC0058A9B2 /* Resources */ = {
			isa = PBXResourcesBuildPhase;
			buildActionMask = 2147483647;
			files = (
			);
			runOnlyForDeploymentPostprocessing = 0;
		};
		D29A1B161CCE3CFC0058A9B2 /* Resources */ = {
			isa = PBXResourcesBuildPhase;
			buildActionMask = 2147483647;
			files = (
			);
			runOnlyForDeploymentPostprocessing = 0;
		};
/* End PBXResourcesBuildPhase section */

/* Begin PBXSourcesBuildPhase section */
		D29A1AF51CCE3CFC0058A9B2 /* Sources */ = {
			isa = PBXSourcesBuildPhase;
			buildActionMask = 2147483647;
			files = (
				D29A1AFF1CCE3CFC0058A9B2 /* ViewController.swift in Sources */,
				D29A1AFD1CCE3CFC0058A9B2 /* AppDelegate.swift in Sources */,
			);
			runOnlyForDeploymentPostprocessing = 0;
		};
		D29A1B091CCE3CFC0058A9B2 /* Sources */ = {
			isa = PBXSourcesBuildPhase;
			buildActionMask = 2147483647;
			files = (
				D29A1B121CCE3CFC0058A9B2 /* tttttTests.swift in Sources */,
			);
			runOnlyForDeploymentPostprocessing = 0;
		};
		D29A1B141CCE3CFC0058A9B2 /* Sources */ = {
			isa = PBXSourcesBuildPhase;
			buildActionMask = 2147483647;
			files = (
				D29A1B1D1CCE3CFC0058A9B2 /* tttttUITests.swift in Sources */,
			);
			runOnlyForDeploymentPostprocessing = 0;
		};
/* End PBXSourcesBuildPhase section */

/* Begin PBXTargetDependency section */
		D29A1B0F1CCE3CFC0058A9B2 /* PBXTargetDependency */ = {
			isa = PBXTargetDependency;
			target = D29A1AF81CCE3CFC0058A9B2 /* ttttt */;
			targetProxy = D29A1B0E1CCE3CFC0058A9B2 /* PBXContainerItemProxy */;
		};
		D29A1B1A1CCE3CFC0058A9B2 /* PBXTargetDependency */ = {
			isa = PBXTargetDependency;
			target = D29A1AF81CCE3CFC0058A9B2 /* ttttt */;
			targetProxy = D29A1B191CCE3CFC0058A9B2 /* PBXContainerItemProxy */;
		};
/* End PBXTargetDependency section */

/* Begin PBXVariantGroup section */
		D29A1B001CCE3CFC0058A9B2 /* Main.storyboard */ = {
			isa = PBXVariantGroup;
			children = (
				D29A1B011CCE3CFC0058A9B2 /* Base */,
			);
			name = Main.storyboard;
			sourceTree = "<group>";
		};
		D29A1B051CCE3CFC0058A9B2 /* LaunchScreen.storyboard */ = {
			isa = PBXVariantGroup;
			children = (
				D29A1B061CCE3CFC0058A9B2 /* Base */,
			);
			name = LaunchScreen.storyboard;
			sourceTree = "<group>";
		};
/* End PBXVariantGroup section */

/* Begin XCBuildConfiguration section */
		D29A1B1F1CCE3CFC0058A9B2 /* Debug */ = {
			isa = XCBuildConfiguration;
			buildSettings = {
				ALWAYS_SEARCH_USER_PATHS = NO;
				CLANG_ANALYZER_NONNULL = YES;
				CLANG_CXX_LANGUAGE_STANDARD = "gnu++0x";
				CLANG_CXX_LIBRARY = "libc++";
				CLANG_ENABLE_MODULES = YES;
				CLANG_ENABLE_OBJC_ARC = YES;
				CLANG_WARN_BOOL_CONVERSION = YES;
				CLANG_WARN_CONSTANT_CONVERSION = YES;
				CLANG_WARN_DIRECT_OBJC_ISA_USAGE = YES_ERROR;
				CLANG_WARN_EMPTY_BODY = YES;
				CLANG_WARN_ENUM_CONVERSION = YES;
				CLANG_WARN_INT_CONVERSION = YES;
				CLANG_WARN_OBJC_ROOT_CLASS = YES_ERROR;
				CLANG_WARN_UNREACHABLE_CODE = YES;
				CLANG_WARN__DUPLICATE_METHOD_MATCH = YES;
				"CODE_SIGN_IDENTITY[sdk=iphoneos*]" = "iPhone Developer";
				COPY_PHASE_STRIP = NO;
				DEBUG_INFORMATION_FORMAT = dwarf;
				ENABLE_STRICT_OBJC_MSGSEND = YES;
				ENABLE_TESTABILITY = YES;
				GCC_C_LANGUAGE_STANDARD = gnu99;
				GCC_DYNAMIC_NO_PIC = NO;
				GCC_NO_COMMON_BLOCKS = YES;
				GCC_OPTIMIZATION_LEVEL = 0;
				GCC_PREPROCESSOR_DEFINITIONS = (
					"DEBUG=1",
					"$(inherited)",
				);
				GCC_WARN_64_TO_32_BIT_CONVERSION = YES;
				GCC_WARN_ABOUT_RETURN_TYPE = YES_ERROR;
				GCC_WARN_UNDECLARED_SELECTOR = YES;
				GCC_WARN_UNINITIALIZED_AUTOS = YES_AGGRESSIVE;
				GCC_WARN_UNUSED_FUNCTION = YES;
				GCC_WARN_UNUSED_VARIABLE = YES;
				IPHONEOS_DEPLOYMENT_TARGET = 9.3;
				MTL_ENABLE_DEBUG_INFO = YES;
				ONLY_ACTIVE_ARCH = YES;
				SDKROOT = iphoneos;
				SWIFT_OPTIMIZATION_LEVEL = "-Onone";
				TARGETED_DEVICE_FAMILY = "1,2";
			};
			name = Debug;
		};
		D29A1B201CCE3CFC0058A9B2 /* Release */ = {
			isa = XCBuildConfiguration;
			buildSettings = {
				ALWAYS_SEARCH_USER_PATHS = NO;
				CLANG_ANALYZER_NONNULL = YES;
				CLANG_CXX_LANGUAGE_STANDARD = "gnu++0x";
				CLANG_CXX_LIBRARY = "libc++";
				CLANG_ENABLE_MODULES = YES;
				CLANG_ENABLE_OBJC_ARC = YES;
				CLANG_WARN_BOOL_CONVERSION = YES;
				CLANG_WARN_CONSTANT_CONVERSION = YES;
				CLANG_WARN_DIRECT_OBJC_ISA_USAGE = YES_ERROR;
				CLANG_WARN_EMPTY_BODY = YES;
				CLANG_WARN_ENUM_CONVERSION = YES;
				CLANG_WARN_INT_CONVERSION = YES;
				CLANG_WARN_OBJC_ROOT_CLASS = YES_ERROR;
				CLANG_WARN_UNREACHABLE_CODE = YES;
				CLANG_WARN__DUPLICATE_METHOD_MATCH = YES;
				"CODE_SIGN_IDENTITY[sdk=iphoneos*]" = "iPhone Developer";
				COPY_PHASE_STRIP = NO;
				DEBUG_INFORMATION_FORMAT = "dwarf-with-dsym";
				ENABLE_NS_ASSERTIONS = NO;
				ENABLE_STRICT_OBJC_MSGSEND = YES;
				GCC_C_LANGUAGE_STANDARD = gnu99;
				GCC_NO_COMMON_BLOCKS = YES;
				GCC_WARN_64_TO_32_BIT_CONVERSION = YES;
				GCC_WARN_ABOUT_RETURN_TYPE = YES_ERROR;
				GCC_WARN_UNDECLARED_SELECTOR = YES;
				GCC_WARN_UNINITIALIZED_AUTOS = YES_AGGRESSIVE;
				GCC_WARN_UNUSED_FUNCTION = YES;
				GCC_WARN_UNUSED_VARIABLE = YES;
				IPHONEOS_DEPLOYMENT_TARGET = 9.3;
				MTL_ENABLE_DEBUG_INFO = NO;
				SDKROOT = iphoneos;
				TARGETED_DEVICE_FAMILY = "1,2";
				VALIDATE_PRODUCT = YES;
			};
			name = Release;
		};
		D29A1B221CCE3CFC0058A9B2 /* Debug */ = {
			isa = XCBuildConfiguration;
			buildSettings = {
				ASSETCATALOG_COMPILER_APPICON_NAME = AppIcon;
				INFOPLIST_FILE = ttttt/Info.plist;
				LD_RUNPATH_SEARCH_PATHS = "$(inherited) @executable_path/Frameworks";
				PRODUCT_BUNDLE_IDENTIFIER = imnu.edu.cn.ttttt;
				PRODUCT_NAME = "$(TARGET_NAME)";
			};
			name = Debug;
		};
		D29A1B231CCE3CFC0058A9B2 /* Release */ = {
			isa = XCBuildConfiguration;
			buildSettings = {
				ASSETCATALOG_COMPILER_APPICON_NAME = AppIcon;
				INFOPLIST_FILE = ttttt/Info.plist;
				LD_RUNPATH_SEARCH_PATHS = "$(inherited) @executable_path/Frameworks";
				PRODUCT_BUNDLE_IDENTIFIER = imnu.edu.cn.ttttt;
				PRODUCT_NAME = "$(TARGET_NAME)";
			};
			name = Release;
		};
		D29A1B251CCE3CFC0058A9B2 /* Debug */ = {
			isa = XCBuildConfiguration;
			buildSettings = {
				BUNDLE_LOADER = "$(TEST_HOST)";
				INFOPLIST_FILE = tttttTests/Info.plist;
				LD_RUNPATH_SEARCH_PATHS = "$(inherited) @executable_path/Frameworks @loader_path/Frameworks";
				PRODUCT_BUNDLE_IDENTIFIER = imnu.edu.cn.tttttTests;
				PRODUCT_NAME = "$(TARGET_NAME)";
				TEST_HOST = "$(BUILT_PRODUCTS_DIR)/ttttt.app/ttttt";
			};
			name = Debug;
		};
		D29A1B261CCE3CFC0058A9B2 /* Release */ = {
			isa = XCBuildConfiguration;
			buildSettings = {
				BUNDLE_LOADER = "$(TEST_HOST)";
				INFOPLIST_FILE = tttttTests/Info.plist;
				LD_RUNPATH_SEARCH_PATHS = "$(inherited) @executable_path/Frameworks @loader_path/Frameworks";
				PRODUCT_BUNDLE_IDENTIFIER = imnu.edu.cn.tttttTests;
				PRODUCT_NAME = "$(TARGET_NAME)";
				TEST_HOST = "$(BUILT_PRODUCTS_DIR)/ttttt.app/ttttt";
			};
			name = Release;
		};
		D29A1B281CCE3CFC0058A9B2 /* Debug */ = {
			isa = XCBuildConfiguration;
			buildSettings = {
				INFOPLIST_FILE = tttttUITests/Info.plist;
				LD_RUNPATH_SEARCH_PATHS = "$(inherited) @executable_path/Frameworks @loader_path/Frameworks";
				PRODUCT_BUNDLE_IDENTIFIER = imnu.edu.cn.tttttUITests;
				PRODUCT_NAME = "$(TARGET_NAME)";
				TEST_TARGET_NAME = ttttt;
			};
			name = Debug;
		};
		D29A1B291CCE3CFC0058A9B2 /* Release */ = {
			isa = XCBuildConfiguration;
			buildSettings = {
				INFOPLIST_FILE = tttttUITests/Info.plist;
				LD_RUNPATH_SEARCH_PATHS = "$(inherited) @executable_path/Frameworks @loader_path/Frameworks";
				PRODUCT_BUNDLE_IDENTIFIER = imnu.edu.cn.tttttUITests;
				PRODUCT_NAME = "$(TARGET_NAME)";
				TEST_TARGET_NAME = ttttt;
			};
			name = Release;
		};
/* End XCBuildConfiguration section */

/* Begin XCConfigurationList section */
		D29A1AF41CCE3CFC0058A9B2 /* Build configuration list for PBXProject "ttttt" */ = {
			isa = XCConfigurationList;
			buildConfigurations = (
				D29A1B1F1CCE3CFC0058A9B2 /* Debug */,
				D29A1B201CCE3CFC0058A9B2 /* Release */,
			);
			defaultConfigurationIsVisible = 0;
			defaultConfigurationName = Release;
		};
		D29A1B211CCE3CFC0058A9B2 /* Build configuration list for PBXNativeTarget "ttttt" */ = {
			isa = XCConfigurationList;
			buildConfigurations = (
				D29A1B221CCE3CFC0058A9B2 /* Debug */,
				D29A1B231CCE3CFC0058A9B2 /* Release */,
			);
			defaultConfigurationIsVisible = 0;
		};
		D29A1B241CCE3CFC0058A9B2 /* Build configuration list for PBXNativeTarget "tttttTests" */ = {
			isa = XCConfigurationList;
			buildConfigurations = (
				D29A1B251CCE3CFC0058A9B2 /* Debug */,
				D29A1B261CCE3CFC0058A9B2 /* Release */,
			);
			defaultConfigurationIsVisible = 0;
		};
		D29A1B271CCE3CFC0058A9B2 /* Build configuration list for PBXNativeTarget "tttttUITests" */ = {
			isa = XCConfigurationList;
			buildConfigurations = (
				D29A1B281CCE3CFC0058A9B2 /* Debug */,
				D29A1B291CCE3CFC0058A9B2 /* Release */,
			);
			defaultConfigurationIsVisible = 0;
		};
/* End XCConfigurationList section */
	};
	rootObject = D29A1AF11CCE3CFC0058A9B2 /* Project object */;
}
